{
  "name": "react-native-fabric",
  "version": "0.5.2",
  "lockfileVersion": 1,
  "requires": true,
  "dependencies": {
    "flow-bin": {
      "version": "0.54.1",
      "resolved": "https://registry.npmjs.org/flow-bin/-/flow-bin-0.54.1.tgz",
      "integrity": "sha1-cQG8zPAG3AZScUqK7wxyB4p2BRA=",
      "dev": true
    },
    "prettier": {
      "version": "1.14.3",
      "resolved": "https://registry.npmjs.org/prettier/-/prettier-1.14.3.tgz",
      "integrity": "sha512-qZDVnCrnpsRJJq5nSsiHCE3BYMED2OtsI+cmzIzF1QIfqm5ALf8tEJcO27zV1gKNKRPdhjO0dNWnrzssDQ1tFg==",
      "dev": true
    }
  }
}
