# THIS IS AN AUTOGENERATED FILE. DO NOT EDIT THIS FILE DIRECTLY.
# yarn lockfile v1


bluebird@^3.0.6:
  version "3.5.2"
  resolved "https://registry.yarnpkg.com/bluebird/-/bluebird-3.5.2.tgz#1be0908e054a751754549c270489c1505d4ab15a"
  integrity sha512-dhHTWMI7kMx5whMQntl7Vr9C6BvV10lFXDAasnqnrMYhXVCzzk6IO9Fo2L75jXHT07WrOngL1WDXOp+yYS91Yg==

commander@^2.9.0:
  version "2.18.0"
  resolved "https://registry.yarnpkg.com/commander/-/commander-2.18.0.tgz#2bf063ddee7c7891176981a2cc798e5754bc6970"
  integrity sha512-6CYPa+JP2ftfRU2qkDK+UTVeQYosOg/2GbcjIcKPHfinyOLPVGXu/ovN86RP49Re5ndJK1N0kuiidFFuepc4ZQ==

debug@^4.0.1:
  version "4.0.1"
  resolved "https://registry.yarnpkg.com/debug/-/debug-4.0.1.tgz#f9bb36d439b8d1f0dd52d8fb6b46e4ebb8c1cd5b"
  integrity sha512-K23FHJ/Mt404FSlp6gSZCevIbTMLX0j3fmHhUEhQ3Wq0FMODW3+cUSoLdy1Gx4polAf4t/lphhmHH35BB8cLYw==
  dependencies:
    ms "^2.1.1"

flow-bin@^0.54.1:
  version "0.54.1"
  resolved "https://registry.yarnpkg.com/flow-bin/-/flow-bin-0.54.1.tgz#7101bcccf006dc0652714a8aef0c72078a760510"
  integrity sha1-cQG8zPAG3AZScUqK7wxyB4p2BRA=

generate-changelog@^1.7.1:
  version "1.7.1"
  resolved "https://registry.yarnpkg.com/generate-changelog/-/generate-changelog-1.7.1.tgz#c0b549de34177e6a5d6414af3d74daea9a3cdc0f"
  integrity sha512-f57zId4iD0AVRyjHHH6SwOdevrW+5ikjr6ooqlzUf7Z27DBW4BZvWZtlXmy+LShf5C52aFBCvKVwd86ZA56ObQ==
  dependencies:
    bluebird "^3.0.6"
    commander "^2.9.0"
    github-url-from-git "^1.4.0"

github-url-from-git@^1.4.0:
  version "1.5.0"
  resolved "https://registry.yarnpkg.com/github-url-from-git/-/github-url-from-git-1.5.0.tgz#f985fedcc0a9aa579dc88d7aff068d55cc6251a0"
  integrity sha1-+YX+3MCpqledyI16/waNVcxiUaA=

idx@^2.4.0:
  version "2.4.0"
  resolved "https://registry.yarnpkg.com/idx/-/idx-2.4.0.tgz#e89e6650c889a44bf889f79d47f40fe09b4eeaa3"
  integrity sha512-FnV6fXF1/cXvam/OXAz98v3GbhQVws+ecMEVLxyQ1aXgK2nooTkTDqex5Lks84wiCsS1So6QtwwCYT6H+vIKkw==

minimist@^1.2.0:
  version "1.2.0"
  resolved "https://registry.yarnpkg.com/minimist/-/minimist-1.2.0.tgz#a35008b20f41383eec1fb914f4cd5df79a264284"
  integrity sha1-o1AIsg9BOD7sH7kU9M1d95omQoQ=

ms@^2.1.1:
  version "2.1.1"
  resolved "https://registry.yarnpkg.com/ms/-/ms-2.1.1.tgz#30a5864eb3ebb0a66f2ebe6d727af06a09d86e0a"
  integrity sha512-tgp+dl5cGk28utYktBsrFqA7HKgrhgPsg6Z/EfhWI4gl1Hwq8B/GmY/0oXZ6nF8hDVesS/FpnYaD/kOWhYQvyg==

prettier@^1.7.0:
  version "1.7.0"
  resolved "https://registry.yarnpkg.com/prettier/-/prettier-1.7.0.tgz#47481588f41f7c90f63938feb202ac82554e7150"
  integrity sha512-kIbA3UE9sYGiVCxlWg92EOHWZqte6EAkC7DS5je6NaL8g3Uw1rWe0eH+UX4Hy5OEiR9aql2vVMHeg6lR4YGxYg==

simple-git@^1.102.0:
  version "1.102.0"
  resolved "https://registry.yarnpkg.com/simple-git/-/simple-git-1.102.0.tgz#5e159a15fcfcb1eca212a4fdceb4384166c71e7d"
  integrity sha512-ox/EDIYtyxG9pFBuboxnmR1FFFS2vsrJejuble9d2W0EWvvMB02/ruMUHp1ROPS0OH5Nzr9+/W7JkRRRXDMs8Q==
  dependencies:
    debug "^4.0.1"
