# THIS IS AN AUTOGENERATED FILE. DO NOT EDIT THIS FILE DIRECTLY.
# yarn lockfile v1


flow-bin@^0.54.1:
  version "0.54.1"
  resolved "https://registry.yarnpkg.com/flow-bin/-/flow-bin-0.54.1.tgz#7101bcccf006dc0652714a8aef0c72078a760510"

prettier@^1.7.0:
  version "1.7.0"
  resolved "https://registry.yarnpkg.com/prettier/-/prettier-1.7.0.tgz#47481588f41f7c90f63938feb202ac82554e7150"
